// !$*UTF8*$!
{
	archiveVersion = 1;
	classes = {
	};
	objectVersion = 48;
	objects = {

/* Begin PBXBuildFile section */
		39716E061EF3BA8F009471D3 /* AppDelegate.swift in Sources */ = {isa = PBXBuildFile; fileRef = 39716E051EF3BA8F009471D3 /* AppDelegate.swift */; };
		39716E081EF3BA8F009471D3 /* ViewController.swift in Sources */ = {isa = PBXBuildFile; fileRef = 39716E071EF3BA8F009471D3 /* ViewController.swift */; };
		39716E0B1EF3BA8F009471D3 /* Main.storyboard in Resources */ = {isa = PBXBuildFile; fileRef = 39716E091EF3BA8F009471D3 /* Main.storyboard */; };
		39716E0D1EF3BA8F009471D3 /* Assets.xcassets in Resources */ = {isa = PBXBuildFile; fileRef = 39716E0C1EF3BA8F009471D3 /* Assets.xcassets */; };
		39716E101EF3BA8F009471D3 /* LaunchScreen.storyboard in Resources */ = {isa = PBXBuildFile; fileRef = 39716E0E1EF3BA8F009471D3 /* LaunchScreen.storyboard */; };
		39716E1B1EF3BA90009471D3 /* SceneDetectorTests.swift in Sources */ = {isa = PBXBuildFile; fileRef = 39716E1A1EF3BA90009471D3 /* SceneDetectorTests.swift */; };
		39716E261EF3BA90009471D3 /* SceneDetectorUITests.swift in Sources */ = {isa = PBXBuildFile; fileRef = 39716E251EF3BA90009471D3 /* SceneDetectorUITests.swift */; };
/* End PBXBuildFile section */

/* Begin PBXContainerItemProxy section */
		39716E171EF3BA90009471D3 /* PBXContainerItemProxy */ = {
			isa = PBXContainerItemProxy;
			containerPortal = 39716DFA1EF3BA8F009471D3 /* Project object */;
			proxyType = 1;
			remoteGlobalIDString = 39716E011EF3BA8F009471D3;
			remoteInfo = SceneDetector;
		};
		39716E221EF3BA90009471D3 /* PBXContainerItemProxy */ = {
			isa = PBXContainerItemProxy;
			containerPortal = 39716DFA1EF3BA8F009471D3 /* Project object */;
			proxyType = 1;
			remoteGlobalIDString = 39716E011EF3BA8F009471D3;
			remoteInfo = SceneDetector;
		};
/* End PBXContainerItemProxy section */

/* Begin PBXFileReference section */
		39716E021EF3BA8F009471D3 /* SceneDetector.app */ = {isa = PBXFileReference; explicitFileType = wrapper.application; includeInIndex = 0; path = SceneDetector.app; sourceTree = BUILT_PRODUCTS_DIR; };
		39716E051EF3BA8F009471D3 /* AppDelegate.swift */ = {isa = PBXFileReference; lastKnownFileType = sourcecode.swift; path = AppDelegate.swift; sourceTree = "<group>"; };
		39716E071EF3BA8F009471D3 /* ViewController.swift */ = {isa = PBXFileReference; lastKnownFileType = sourcecode.swift; path = ViewController.swift; sourceTree = "<group>"; };
		39716E0A1EF3BA8F009471D3 /* Base */ = {isa = PBXFileReference; lastKnownFileType = file.storyboard; name = Base; path = Base.lproj/Main.storyboard; sourceTree = "<group>"; };
		39716E0C1EF3BA8F009471D3 /* Assets.xcassets */ = {isa = PBXFileReference; lastKnownFileType = folder.assetcatalog; path = Assets.xcassets; sourceTree = "<group>"; };
		39716E0F1EF3BA8F009471D3 /* Base */ = {isa = PBXFileReference; lastKnownFileType = file.storyboard; name = Base; path = Base.lproj/LaunchScreen.storyboard; sourceTree = "<group>"; };
		39716E111EF3BA8F009471D3 /* Info.plist */ = {isa = PBXFileReference; lastKnownFileType = text.plist.xml; path = Info.plist; sourceTree = "<group>"; };
		39716E161EF3BA90009471D3 /* SceneDetectorTests.xctest */ = {isa = PBXFileReference; explicitFileType = wrapper.cfbundle; includeInIndex = 0; path = SceneDetectorTests.xctest; sourceTree = BUILT_PRODUCTS_DIR; };
		39716E1A1EF3BA90009471D3 /* SceneDetectorTests.swift */ = {isa = PBXFileReference; lastKnownFileType = sourcecode.swift; path = SceneDetectorTests.swift; sourceTree = "<group>"; };
		39716E1C1EF3BA90009471D3 /* Info.plist */ = {isa = PBXFileReference; lastKnownFileType = text.plist.xml; path = Info.plist; sourceTree = "<group>"; };
		39716E211EF3BA90009471D3 /* SceneDetectorUITests.xctest */ = {isa = PBXFileReference; explicitFileType = wrapper.cfbundle; includeInIndex = 0; path = SceneDetectorUITests.xctest; sourceTree = BUILT_PRODUCTS_DIR; };
		39716E251EF3BA90009471D3 /* SceneDetectorUITests.swift */ = {isa = PBXFileReference; lastKnownFileType = sourcecode.swift; path = SceneDetectorUITests.swift; sourceTree = "<group>"; };
		39716E271EF3BA90009471D3 /* Info.plist */ = {isa = PBXFileReference; lastKnownFileType = text.plist.xml; path = Info.plist; sourceTree = "<group>"; };
/* End PBXFileReference section */

/* Begin PBXFrameworksBuildPhase section */
		39716DFF1EF3BA8F009471D3 /* Frameworks */ = {
			isa = PBXFrameworksBuildPhase;
			buildActionMask = 2147483647;
			files = (
			);
			runOnlyForDeploymentPostprocessing = 0;
		};
		39716E131EF3BA90009471D3 /* Frameworks */ = {
			isa = PBXFrameworksBuildPhase;
			buildActionMask = 2147483647;
			files = (
			);
			runOnlyForDeploymentPostprocessing = 0;
		};
		39716E1E1EF3BA90009471D3 /* Frameworks */ = {
			isa = PBXFrameworksBuildPhase;
			buildActionMask = 2147483647;
			files = (
			);
			runOnlyForDeploymentPostprocessing = 0;
		};
/* End PBXFrameworksBuildPhase section */

/* Begin PBXGroup section */
		39716DF91EF3BA8F009471D3 = {
			isa = PBXGroup;
			children = (
				39716E041EF3BA8F009471D3 /* SceneDetector */,
				39716E191EF3BA90009471D3 /* SceneDetectorTests */,
				39716E241EF3BA90009471D3 /* SceneDetectorUITests */,
				39716E031EF3BA8F009471D3 /* Products */,
			);
			sourceTree = "<group>";
		};
		39716E031EF3BA8F009471D3 /* Products */ = {
			isa = PBXGroup;
			children = (
				39716E021EF3BA8F009471D3 /* SceneDetector.app */,
				39716E161EF3BA90009471D3 /* SceneDetectorTests.xctest */,
				39716E211EF3BA90009471D3 /* SceneDetectorUITests.xctest */,
			);
			name = Products;
			sourceTree = "<group>";
		};
		39716E041EF3BA8F009471D3 /* SceneDetector */ = {
			isa = PBXGroup;
			children = (
				39716E051EF3BA8F009471D3 /* AppDelegate.swift */,
				39716E071EF3BA8F009471D3 /* ViewController.swift */,
				39716E091EF3BA8F009471D3 /* Main.storyboard */,
				39716E0C1EF3BA8F009471D3 /* Assets.xcassets */,
				39716E0E1EF3BA8F009471D3 /* LaunchScreen.storyboard */,
				39716E111EF3BA8F009471D3 /* Info.plist */,
			);
			path = SceneDetector;
			sourceTree = "<group>";
		};
		39716E191EF3BA90009471D3 /* SceneDetectorTests */ = {
			isa = PBXGroup;
			children = (
				39716E1A1EF3BA90009471D3 /* SceneDetectorTests.swift */,
				39716E1C1EF3BA90009471D3 /* Info.plist */,
			);
			path = SceneDetectorTests;
			sourceTree = "<group>";
		};
		39716E241EF3BA90009471D3 /* SceneDetectorUITests */ = {
			isa = PBXGroup;
			children = (
				39716E251EF3BA90009471D3 /* SceneDetectorUITests.swift */,
				39716E271EF3BA90009471D3 /* Info.plist */,
			);
			path = SceneDetectorUITests;
			sourceTree = "<group>";
		};
/* End PBXGroup section */

/* Begin PBXNativeTarget section */
		39716E011EF3BA8F009471D3 /* SceneDetector */ = {
			isa = PBXNativeTarget;
			buildConfigurationList = 39716E2A1EF3BA90009471D3 /* Build configuration list for PBXNativeTarget "SceneDetector" */;
			buildPhases = (
				39716DFE1EF3BA8F009471D3 /* Sources */,
				39716DFF1EF3BA8F009471D3 /* Frameworks */,
				39716E001EF3BA8F009471D3 /* Resources */,
			);
			buildRules = (
			);
			dependencies = (
			);
			name = SceneDetector;
			productName = SceneDetector;
			productReference = 39716E021EF3BA8F009471D3 /* SceneDetector.app */;
			productType = "com.apple.product-type.application";
		};
		39716E151EF3BA90009471D3 /* SceneDetectorTests */ = {
			isa = PBXNativeTarget;
			buildConfigurationList = 39716E2D1EF3BA90009471D3 /* Build configuration list for PBXNativeTarget "SceneDetectorTests" */;
			buildPhases = (
				39716E121EF3BA90009471D3 /* Sources */,
				39716E131EF3BA90009471D3 /* Frameworks */,
				39716E141EF3BA90009471D3 /* Resources */,
			);
			buildRules = (
			);
			dependencies = (
				39716E181EF3BA90009471D3 /* PBXTargetDependency */,
			);
			name = SceneDetectorTests;
			productName = SceneDetectorTests;
			productReference = 39716E161EF3BA90009471D3 /* SceneDetectorTests.xctest */;
			productType = "com.apple.product-type.bundle.unit-test";
		};
		39716E201EF3BA90009471D3 /* SceneDetectorUITests */ = {
			isa = PBXNativeTarget;
			buildConfigurationList = 39716E301EF3BA90009471D3 /* Build configuration list for PBXNativeTarget "SceneDetectorUITests" */;
			buildPhases = (
				39716E1D1EF3BA90009471D3 /* Sources */,
				39716E1E1EF3BA90009471D3 /* Frameworks */,
				39716E1F1EF3BA90009471D3 /* Resources */,
			);
			buildRules = (
			);
			dependencies = (
				39716E231EF3BA90009471D3 /* PBXTargetDependency */,
			);
			name = SceneDetectorUITests;
			productName = SceneDetectorUITests;
			productReference = 39716E211EF3BA90009471D3 /* SceneDetectorUITests.xctest */;
			productType = "com.apple.product-type.bundle.ui-testing";
		};
/* End PBXNativeTarget section */

/* Begin PBXProject section */
		39716DFA1EF3BA8F009471D3 /* Project object */ = {
			isa = PBXProject;
			attributes = {
				LastSwiftUpdateCheck = 0900;
				LastUpgradeCheck = 0900;
				ORGANIZATIONNAME = mauryat;
				TargetAttributes = {
					39716E011EF3BA8F009471D3 = {
						CreatedOnToolsVersion = 9.0;
					};
					39716E151EF3BA90009471D3 = {
						CreatedOnToolsVersion = 9.0;
						TestTargetID = 39716E011EF3BA8F009471D3;
					};
					39716E201EF3BA90009471D3 = {
						CreatedOnToolsVersion = 9.0;
						TestTargetID = 39716E011EF3BA8F009471D3;
					};
				};
			};
			buildConfigurationList = 39716DFD1EF3BA8F009471D3 /* Build configuration list for PBXProject "SceneDetector" */;
			compatibilityVersion = "Xcode 8.0";
			developmentRegion = en;
			hasScannedForEncodings = 0;
			knownRegions = (
				en,
				Base,
			);
			mainGroup = 39716DF91EF3BA8F009471D3;
			productRefGroup = 39716E031EF3BA8F009471D3 /* Products */;
			projectDirPath = "";
			projectRoot = "";
			targets = (
				39716E011EF3BA8F009471D3 /* SceneDetector */,
				39716E151EF3BA90009471D3 /* SceneDetectorTests */,
				39716E201EF3BA90009471D3 /* SceneDetectorUITests */,
			);
		};
/* End PBXProject section */

/* Begin PBXResourcesBuildPhase section */
		39716E001EF3BA8F009471D3 /* Resources */ = {
			isa = PBXResourcesBuildPhase;
			buildActionMask = 2147483647;
			files = (
				39716E101EF3BA8F009471D3 /* LaunchScreen.storyboard in Resources */,
				39716E0D1EF3BA8F009471D3 /* Assets.xcassets in Resources */,
				39716E0B1EF3BA8F009471D3 /* Main.storyboard in Resources */,
			);
			runOnlyForDeploymentPostprocessing = 0;
		};
		39716E141EF3BA90009471D3 /* Resources */ = {
			isa = PBXResourcesBuildPhase;
			buildActionMask = 2147483647;
			files = (
			);
			runOnlyForDeploymentPostprocessing = 0;
		};
		39716E1F1EF3BA90009471D3 /* Resources */ = {
			isa = PBXResourcesBuildPhase;
			buildActionMask = 2147483647;
			files = (
			);
			runOnlyForDeploymentPostprocessing = 0;
		};
/* End PBXResourcesBuildPhase section */

/* Begin PBXSourcesBuildPhase section */
		39716DFE1EF3BA8F009471D3 /* Sources */ = {
			isa = PBXSourcesBuildPhase;
			buildActionMask = 2147483647;
			files = (
				39716E081EF3BA8F009471D3 /* ViewController.swift in Sources */,
				39716E061EF3BA8F009471D3 /* AppDelegate.swift in Sources */,
			);
			runOnlyForDeploymentPostprocessing = 0;
		};
		39716E121EF3BA90009471D3 /* Sources */ = {
			isa = PBXSourcesBuildPhase;
			buildActionMask = 2147483647;
			files = (
				39716E1B1EF3BA90009471D3 /* SceneDetectorTests.swift in Sources */,
			);
			runOnlyForDeploymentPostprocessing = 0;
		};
		39716E1D1EF3BA90009471D3 /* Sources */ = {
			isa = PBXSourcesBuildPhase;
			buildActionMask = 2147483647;
			files = (
				39716E261EF3BA90009471D3 /* SceneDetectorUITests.swift in Sources */,
			);
			runOnlyForDeploymentPostprocessing = 0;
		};
/* End PBXSourcesBuildPhase section */

/* Begin PBXTargetDependency section */
		39716E181EF3BA90009471D3 /* PBXTargetDependency */ = {
			isa = PBXTargetDependency;
			target = 39716E011EF3BA8F009471D3 /* SceneDetector */;
			targetProxy = 39716E171EF3BA90009471D3 /* PBXContainerItemProxy */;
		};
		39716E231EF3BA90009471D3 /* PBXTargetDependency */ = {
			isa = PBXTargetDependency;
			target = 39716E011EF3BA8F009471D3 /* SceneDetector */;
			targetProxy = 39716E221EF3BA90009471D3 /* PBXContainerItemProxy */;
		};
/* End PBXTargetDependency section */

/* Begin PBXVariantGroup section */
		39716E091EF3BA8F009471D3 /* Main.storyboard */ = {
			isa = PBXVariantGroup;
			children = (
				39716E0A1EF3BA8F009471D3 /* Base */,
			);
			name = Main.storyboard;
			sourceTree = "<group>";
		};
		39716E0E1EF3BA8F009471D3 /* LaunchScreen.storyboard */ = {
			isa = PBXVariantGroup;
			children = (
				39716E0F1EF3BA8F009471D3 /* Base */,
			);
			name = LaunchScreen.storyboard;
			sourceTree = "<group>";
		};
/* End PBXVariantGroup section */

/* Begin XCBuildConfiguration section */
		39716E281EF3BA90009471D3 /* Debug */ = {
			isa = XCBuildConfiguration;
			buildSettings = {
				ALWAYS_SEARCH_USER_PATHS = NO;
				CLANG_ANALYZER_NONNULL = YES;
				CLANG_ANALYZER_NUMBER_OBJECT_CONVERSION = YES_AGGRESSIVE;
				CLANG_CXX_LANGUAGE_STANDARD = "gnu++14";
				CLANG_CXX_LIBRARY = "libc++";
				CLANG_ENABLE_MODULES = YES;
				CLANG_ENABLE_OBJC_ARC = YES;
				CLANG_WARN_BLOCK_CAPTURE_AUTORELEASING = YES;
				CLANG_WARN_BOOL_CONVERSION = YES;
				CLANG_WARN_COMMA = YES;
				CLANG_WARN_CONSTANT_CONVERSION = YES;
				CLANG_WARN_DIRECT_OBJC_ISA_USAGE = YES_ERROR;
				CLANG_WARN_DOCUMENTATION_COMMENTS = YES;
				CLANG_WARN_EMPTY_BODY = YES;
				CLANG_WARN_ENUM_CONVERSION = YES;
				CLANG_WARN_INFINITE_RECURSION = YES;
				CLANG_WARN_INT_CONVERSION = YES;
				CLANG_WARN_OBJC_ROOT_CLASS = YES_ERROR;
				CLANG_WARN_RANGE_LOOP_ANALYSIS = YES;
				CLANG_WARN_STRICT_PROTOTYPES = YES;
				CLANG_WARN_SUSPICIOUS_MOVE = YES;
				CLANG_WARN_UNGUARDED_AVAILABILITY = YES_AGGRESSIVE;
				CLANG_WARN_UNREACHABLE_CODE = YES;
				CLANG_WARN__DUPLICATE_METHOD_MATCH = YES;
				CODE_SIGN_IDENTITY = "iPhone Developer";
				COPY_PHASE_STRIP = NO;
				DEBUG_INFORMATION_FORMAT = dwarf;
				ENABLE_STRICT_OBJC_MSGSEND = YES;
				ENABLE_TESTABILITY = YES;
				GCC_C_LANGUAGE_STANDARD = gnu11;
				GCC_DYNAMIC_NO_PIC = NO;
				GCC_NO_COMMON_BLOCKS = YES;
				GCC_OPTIMIZATION_LEVEL = 0;
				GCC_PREPROCESSOR_DEFINITIONS = (
					"DEBUG=1",
					"$(inherited)",
				);
				GCC_WARN_64_TO_32_BIT_CONVERSION = YES;
				GCC_WARN_ABOUT_RETURN_TYPE = YES_ERROR;
				GCC_WARN_UNDECLARED_SELECTOR = YES;
				GCC_WARN_UNINITIALIZED_AUTOS = YES_AGGRESSIVE;
				GCC_WARN_UNUSED_FUNCTION = YES;
				GCC_WARN_UNUSED_VARIABLE = YES;
				IPHONEOS_DEPLOYMENT_TARGET = 11.0;
				MTL_ENABLE_DEBUG_INFO = YES;
				ONLY_ACTIVE_ARCH = YES;
				SDKROOT = iphoneos;
				SWIFT_ACTIVE_COMPILATION_CONDITIONS = DEBUG;
				SWIFT_OPTIMIZATION_LEVEL = "-Onone";
			};
			name = Debug;
		};
		39716E291EF3BA90009471D3 /* Release */ = {
			isa = XCBuildConfiguration;
			buildSettings = {
				ALWAYS_SEARCH_USER_PATHS = NO;
				CLANG_ANALYZER_NONNULL = YES;
				CLANG_ANALYZER_NUMBER_OBJECT_CONVERSION = YES_AGGRESSIVE;
				CLANG_CXX_LANGUAGE_STANDARD = "gnu++14";
				CLANG_CXX_LIBRARY = "libc++";
				CLANG_ENABLE_MODULES = YES;
				CLANG_ENABLE_OBJC_ARC = YES;
				CLANG_WARN_BLOCK_CAPTURE_AUTORELEASING = YES;
				CLANG_WARN_BOOL_CONVERSION = YES;
				CLANG_WARN_COMMA = YES;
				CLANG_WARN_CONSTANT_CONVERSION = YES;
				CLANG_WARN_DIRECT_OBJC_ISA_USAGE = YES_ERROR;
				CLANG_WARN_DOCUMENTATION_COMMENTS = YES;
				CLANG_WARN_EMPTY_BODY = YES;
				CLANG_WARN_ENUM_CONVERSION = YES;
				CLANG_WARN_INFINITE_RECURSION = YES;
				CLANG_WARN_INT_CONVERSION = YES;
				CLANG_WARN_OBJC_ROOT_CLASS = YES_ERROR;
				CLANG_WARN_RANGE_LOOP_ANALYSIS = YES;
				CLANG_WARN_STRICT_PROTOTYPES = YES;
				CLANG_WARN_SUSPICIOUS_MOVE = YES;
				CLANG_WARN_UNGUARDED_AVAILABILITY = YES_AGGRESSIVE;
				CLANG_WARN_UNREACHABLE_CODE = YES;
				CLANG_WARN__DUPLICATE_METHOD_MATCH = YES;
				CODE_SIGN_IDENTITY = "iPhone Developer";
				COPY_PHASE_STRIP = NO;
				DEBUG_INFORMATION_FORMAT = "dwarf-with-dsym";
				ENABLE_NS_ASSERTIONS = NO;
				ENABLE_STRICT_OBJC_MSGSEND = YES;
				GCC_C_LANGUAGE_STANDARD = gnu11;
				GCC_NO_COMMON_BLOCKS = YES;
				GCC_WARN_64_TO_32_BIT_CONVERSION = YES;
				GCC_WARN_ABOUT_RETURN_TYPE = YES_ERROR;
				GCC_WARN_UNDECLARED_SELECTOR = YES;
				GCC_WARN_UNINITIALIZED_AUTOS = YES_AGGRESSIVE;
				GCC_WARN_UNUSED_FUNCTION = YES;
				GCC_WARN_UNUSED_VARIABLE = YES;
				IPHONEOS_DEPLOYMENT_TARGET = 11.0;
				MTL_ENABLE_DEBUG_INFO = NO;
				SDKROOT = iphoneos;
				SWIFT_OPTIMIZATION_LEVEL = "-Owholemodule";
				VALIDATE_PRODUCT = YES;
			};
			name = Release;
		};
		39716E2B1EF3BA90009471D3 /* Debug */ = {
			isa = XCBuildConfiguration;
			buildSettings = {
				ASSETCATALOG_COMPILER_APPICON_NAME = AppIcon;
				INFOPLIST_FILE = SceneDetector/Info.plist;
				LD_RUNPATH_SEARCH_PATHS = "$(inherited) @executable_path/Frameworks";
				PRODUCT_BUNDLE_IDENTIFIER = com.mauryat.SceneDetector;
				PRODUCT_NAME = "$(TARGET_NAME)";
				SWIFT_VERSION = 4.0;
				TARGETED_DEVICE_FAMILY = "1,2";
			};
			name = Debug;
		};
		39716E2C1EF3BA90009471D3 /* Release */ = {
			isa = XCBuildConfiguration;
			buildSettings = {
				ASSETCATALOG_COMPILER_APPICON_NAME = AppIcon;
				INFOPLIST_FILE = SceneDetector/Info.plist;
				LD_RUNPATH_SEARCH_PATHS = "$(inherited) @executable_path/Frameworks";
				PRODUCT_BUNDLE_IDENTIFIER = com.mauryat.SceneDetector;
				PRODUCT_NAME = "$(TARGET_NAME)";
				SWIFT_VERSION = 4.0;
				TARGETED_DEVICE_FAMILY = "1,2";
			};
			name = Release;
		};
		39716E2E1EF3BA90009471D3 /* Debug */ = {
			isa = XCBuildConfiguration;
			buildSettings = {
				ALWAYS_EMBED_SWIFT_STANDARD_LIBRARIES = YES;
				BUNDLE_LOADER = "$(TEST_HOST)";
				INFOPLIST_FILE = SceneDetectorTests/Info.plist;
				LD_RUNPATH_SEARCH_PATHS = "$(inherited) @executable_path/Frameworks @loader_path/Frameworks";
				PRODUCT_BUNDLE_IDENTIFIER = com.mauryat.SceneDetectorTests;
				PRODUCT_NAME = "$(TARGET_NAME)";
				SWIFT_VERSION = 4.0;
				TARGETED_DEVICE_FAMILY = "1,2";
				TEST_HOST = "$(BUILT_PRODUCTS_DIR)/SceneDetector.app/SceneDetector";
			};
			name = Debug;
		};
		39716E2F1EF3BA90009471D3 /* Release */ = {
			isa = XCBuildConfiguration;
			buildSettings = {
				ALWAYS_EMBED_SWIFT_STANDARD_LIBRARIES = YES;
				BUNDLE_LOADER = "$(TEST_HOST)";
				INFOPLIST_FILE = SceneDetectorTests/Info.plist;
				LD_RUNPATH_SEARCH_PATHS = "$(inherited) @executable_path/Frameworks @loader_path/Frameworks";
				PRODUCT_BUNDLE_IDENTIFIER = com.mauryat.SceneDetectorTests;
				PRODUCT_NAME = "$(TARGET_NAME)";
				SWIFT_VERSION = 4.0;
				TARGETED_DEVICE_FAMILY = "1,2";
				TEST_HOST = "$(BUILT_PRODUCTS_DIR)/SceneDetector.app/SceneDetector";
			};
			name = Release;
		};
		39716E311EF3BA90009471D3 /* Debug */ = {
			isa = XCBuildConfiguration;
			buildSettings = {
				ALWAYS_EMBED_SWIFT_STANDARD_LIBRARIES = YES;
				INFOPLIST_FILE = SceneDetectorUITests/Info.plist;
				LD_RUNPATH_SEARCH_PATHS = "$(inherited) @executable_path/Frameworks @loader_path/Frameworks";
				PRODUCT_BUNDLE_IDENTIFIER = com.mauryat.SceneDetectorUITests;
				PRODUCT_NAME = "$(TARGET_NAME)";
				SWIFT_VERSION = 4.0;
				TARGETED_DEVICE_FAMILY = "1,2";
				TEST_TARGET_NAME = SceneDetector;
			};
			name = Debug;
		};
		39716E321EF3BA90009471D3 /* Release */ = {
			isa = XCBuildConfiguration;
			buildSettings = {
				ALWAYS_EMBED_SWIFT_STANDARD_LIBRARIES = YES;
				INFOPLIST_FILE = SceneDetectorUITests/Info.plist;
				LD_RUNPATH_SEARCH_PATHS = "$(inherited) @executable_path/Frameworks @loader_path/Frameworks";
				PRODUCT_BUNDLE_IDENTIFIER = com.mauryat.SceneDetectorUITests;
				PRODUCT_NAME = "$(TARGET_NAME)";
				SWIFT_VERSION = 4.0;
				TARGETED_DEVICE_FAMILY = "1,2";
				TEST_TARGET_NAME = SceneDetector;
			};
			name = Release;
		};
/* End XCBuildConfiguration section */

/* Begin XCConfigurationList section */
		39716DFD1EF3BA8F009471D3 /* Build configuration list for PBXProject "SceneDetector" */ = {
			isa = XCConfigurationList;
			buildConfigurations = (
				39716E281EF3BA90009471D3 /* Debug */,
				39716E291EF3BA90009471D3 /* Release */,
			);
			defaultConfigurationIsVisible = 0;
			defaultConfigurationName = Release;
		};
		39716E2A1EF3BA90009471D3 /* Build configuration list for PBXNativeTarget "SceneDetector" */ = {
			isa = XCConfigurationList;
			buildConfigurations = (
				39716E2B1EF3BA90009471D3 /* Debug */,
				39716E2C1EF3BA90009471D3 /* Release */,
			);
			defaultConfigurationIsVisible = 0;
		};
		39716E2D1EF3BA90009471D3 /* Build configuration list for PBXNativeTarget "SceneDetectorTests" */ = {
			isa = XCConfigurationList;
			buildConfigurations = (
				39716E2E1EF3BA90009471D3 /* Debug */,
				39716E2F1EF3BA90009471D3 /* Release */,
			);
			defaultConfigurationIsVisible = 0;
		};
		39716E301EF3BA90009471D3 /* Build configuration list for PBXNativeTarget "SceneDetectorUITests" */ = {
			isa = XCConfigurationList;
			buildConfigurations = (
				39716E311EF3BA90009471D3 /* Debug */,
				39716E321EF3BA90009471D3 /* Release */,
			);
			defaultConfigurationIsVisible = 0;
		};
/* End XCConfigurationList section */
	};
	rootObject = 39716DFA1EF3BA8F009471D3 /* Project object */;
}
